// !$*UTF8*$!
{
	archiveVersion = 1;
	classes = {
	};
	objectVersion = 48;
	objects = {

/* Begin PBXBuildFile section */
		1644F4F320107AA4002E61BD /* GoogleService-Info.plist in Resources */ = {isa = PBXBuildFile; fileRef = 1644F4F220107AA4002E61BD /* GoogleService-Info.plist */; };
		16B1FC9E20105B3300E9CEA1 /* AppDelegate.swift in Sources */ = {isa = PBXBuildFile; fileRef = 16B1FC9D20105B3300E9CEA1 /* AppDelegate.swift */; };
		16B1FCA020105B3300E9CEA1 /* ViewController.swift in Sources */ = {isa = PBXBuildFile; fileRef = 16B1FC9F20105B3300E9CEA1 /* ViewController.swift */; };
		16B1FCA320105B3300E9CEA1 /* Main.storyboard in Resources */ = {isa = PBXBuildFile; fileRef = 16B1FCA120105B3300E9CEA1 /* Main.storyboard */; };
		16B1FCA520105B3300E9CEA1 /* Assets.xcassets in Resources */ = {isa = PBXBuildFile; fileRef = 16B1FCA420105B3300E9CEA1 /* Assets.xcassets */; };
		16B1FCA820105B3300E9CEA1 /* LaunchScreen.storyboard in Resources */ = {isa = PBXBuildFile; fileRef = 16B1FCA620105B3300E9CEA1 /* LaunchScreen.storyboard */; };
		1F76E1C69180E4DA4C287093 /* Pods_FirebaseAuthentication.framework in Frameworks */ = {isa = PBXBuildFile; fileRef = D2CA1FB279D959C21AF5FECA /* Pods_FirebaseAuthentication.framework */; };
/* End PBXBuildFile section */

/* Begin PBXFileReference section */
		1644F4F220107AA4002E61BD /* GoogleService-Info.plist */ = {isa = PBXFileReference; fileEncoding = 4; lastKnownFileType = text.plist.xml; path = "GoogleService-Info.plist"; sourceTree = "<group>"; };
		169C8BA320109D8D001FE267 /* FirebaseAuthentication.entitlements */ = {isa = PBXFileReference; lastKnownFileType = text.plist.entitlements; path = FirebaseAuthentication.entitlements; sourceTree = "<group>"; };
		16B1FC9A20105B3300E9CEA1 /* FirebaseAuthentication.app */ = {isa = PBXFileReference; explicitFileType = wrapper.application; includeInIndex = 0; path = FirebaseAuthentication.app; sourceTree = BUILT_PRODUCTS_DIR; };
		16B1FC9D20105B3300E9CEA1 /* AppDelegate.swift */ = {isa = PBXFileReference; lastKnownFileType = sourcecode.swift; path = AppDelegate.swift; sourceTree = "<group>"; };
		16B1FC9F20105B3300E9CEA1 /* ViewController.swift */ = {isa = PBXFileReference; lastKnownFileType = sourcecode.swift; path = ViewController.swift; sourceTree = "<group>"; };
		16B1FCA220105B3300E9CEA1 /* Base */ = {isa = PBXFileReference; lastKnownFileType = file.storyboard; name = Base; path = Base.lproj/Main.storyboard; sourceTree = "<group>"; };
		16B1FCA420105B3300E9CEA1 /* Assets.xcassets */ = {isa = PBXFileReference; lastKnownFileType = folder.assetcatalog; path = Assets.xcassets; sourceTree = "<group>"; };
		16B1FCA720105B3300E9CEA1 /* Base */ = {isa = PBXFileReference; lastKnownFileType = file.storyboard; name = Base; path = Base.lproj/LaunchScreen.storyboard; sourceTree = "<group>"; };
		16B1FCA920105B3300E9CEA1 /* Info.plist */ = {isa = PBXFileReference; lastKnownFileType = text.plist.xml; path = Info.plist; sourceTree = "<group>"; };
		19C56A659CFD2BC9FFA437AF /* Pods-FirebaseAuthentication.debug.xcconfig */ = {isa = PBXFileReference; includeInIndex = 1; lastKnownFileType = text.xcconfig; name = "Pods-FirebaseAuthentication.debug.xcconfig"; path = "Pods/Target Support Files/Pods-FirebaseAuthentication/Pods-FirebaseAuthentication.debug.xcconfig"; sourceTree = "<group>"; };
		80FA89DCA683D121E73E109E /* Pods-FirebaseAuthentication.release.xcconfig */ = {isa = PBXFileReference; includeInIndex = 1; lastKnownFileType = text.xcconfig; name = "Pods-FirebaseAuthentication.release.xcconfig"; path = "Pods/Target Support Files/Pods-FirebaseAuthentication/Pods-FirebaseAuthentication.release.xcconfig"; sourceTree = "<group>"; };
		D2CA1FB279D959C21AF5FECA /* Pods_FirebaseAuthentication.framework */ = {isa = PBXFileReference; explicitFileType = wrapper.framework; includeInIndex = 0; path = Pods_FirebaseAuthentication.framework; sourceTree = BUILT_PRODUCTS_DIR; };
/* End PBXFileReference section */

/* Begin PBXFrameworksBuildPhase section */
		16B1FC9720105B3300E9CEA1 /* Frameworks */ = {
			isa = PBXFrameworksBuildPhase;
			buildActionMask = 2147483647;
			files = (
				1F76E1C69180E4DA4C287093 /* Pods_FirebaseAuthentication.framework in Frameworks */,
			);
			runOnlyForDeploymentPostprocessing = 0;
		};
/* End PBXFrameworksBuildPhase section */

/* Begin PBXGroup section */
		16B1FC9120105B3300E9CEA1 = {
			isa = PBXGroup;
			children = (
				16B1FC9C20105B3300E9CEA1 /* FirebaseAuthentication */,
				16B1FC9B20105B3300E9CEA1 /* Products */,
				1DD337F8712062C7259F70CD /* Pods */,
				27C0DF525F15FAD8D6AEE910 /* Frameworks */,
			);
			sourceTree = "<group>";
		};
		16B1FC9B20105B3300E9CEA1 /* Products */ = {
			isa = PBXGroup;
			children = (
				16B1FC9A20105B3300E9CEA1 /* FirebaseAuthentication.app */,
			);
			name = Products;
			sourceTree = "<group>";
		};
		16B1FC9C20105B3300E9CEA1 /* FirebaseAuthentication */ = {
			isa = PBXGroup;
			children = (
				169C8BA320109D8D001FE267 /* FirebaseAuthentication.entitlements */,
				16B1FC9D20105B3300E9CEA1 /* AppDelegate.swift */,
				16B1FC9F20105B3300E9CEA1 /* ViewController.swift */,
				16B1FCA120105B3300E9CEA1 /* Main.storyboard */,
				16B1FCA420105B3300E9CEA1 /* Assets.xcassets */,
				16B1FCA620105B3300E9CEA1 /* LaunchScreen.storyboard */,
				16B1FCA920105B3300E9CEA1 /* Info.plist */,
				1644F4F220107AA4002E61BD /* GoogleService-Info.plist */,
			);
			path = FirebaseAuthentication;
			sourceTree = "<group>";
		};
		1DD337F8712062C7259F70CD /* Pods */ = {
			isa = PBXGroup;
			children = (
				19C56A659CFD2BC9FFA437AF /* Pods-FirebaseAuthentication.debug.xcconfig */,
				80FA89DCA683D121E73E109E /* Pods-FirebaseAuthentication.release.xcconfig */,
			);
			name = Pods;
			sourceTree = "<group>";
		};
		27C0DF525F15FAD8D6AEE910 /* Frameworks */ = {
			isa = PBXGroup;
			children = (
				D2CA1FB279D959C21AF5FECA /* Pods_FirebaseAuthentication.framework */,
			);
			name = Frameworks;
			sourceTree = "<group>";
		};
/* End PBXGroup section */

/* Begin PBXNativeTarget section */
		16B1FC9920105B3300E9CEA1 /* FirebaseAuthentication */ = {
			isa = PBXNativeTarget;
			buildConfigurationList = 16B1FCAC20105B3300E9CEA1 /* Build configuration list for PBXNativeTarget "FirebaseAuthentication" */;
			buildPhases = (
				BD52730C1C4D0D846D535A20 /* [CP] Check Pods Manifest.lock */,
				16B1FC9620105B3300E9CEA1 /* Sources */,
				16B1FC9720105B3300E9CEA1 /* Frameworks */,
				16B1FC9820105B3300E9CEA1 /* Resources */,
				683CE7063CCCB3BECE3F00C1 /* [CP] Embed Pods Frameworks */,
				01648B2F97FDC650D2E02B75 /* [CP] Copy Pods Resources */,
			);
			buildRules = (
			);
			dependencies = (
			);
			name = FirebaseAuthentication;
			productName = FirebaseAuthentication;
			productReference = 16B1FC9A20105B3300E9CEA1 /* FirebaseAuthentication.app */;
			productType = "com.apple.product-type.application";
		};
/* End PBXNativeTarget section */

/* Begin PBXProject section */
		16B1FC9220105B3300E9CEA1 /* Project object */ = {
			isa = PBXProject;
			attributes = {
				LastSwiftUpdateCheck = 0920;
				LastUpgradeCheck = 0920;
				ORGANIZATIONNAME = CCI;
				TargetAttributes = {
					16B1FC9920105B3300E9CEA1 = {
						CreatedOnToolsVersion = 9.2;
						ProvisioningStyle = Automatic;
						SystemCapabilities = {
							com.apple.Keychain = {
								enabled = 1;
							};
						};
					};
				};
			};
			buildConfigurationList = 16B1FC9520105B3300E9CEA1 /* Build configuration list for PBXProject "FirebaseAuthentication" */;
			compatibilityVersion = "Xcode 8.0";
			developmentRegion = en;
			hasScannedForEncodings = 0;
			knownRegions = (
				en,
				Base,
			);
			mainGroup = 16B1FC9120105B3300E9CEA1;
			productRefGroup = 16B1FC9B20105B3300E9CEA1 /* Products */;
			projectDirPath = "";
			projectRoot = "";
			targets = (
				16B1FC9920105B3300E9CEA1 /* FirebaseAuthentication */,
			);
		};
/* End PBXProject section */

/* Begin PBXResourcesBuildPhase section */
		16B1FC9820105B3300E9CEA1 /* Resources */ = {
			isa = PBXResourcesBuildPhase;
			buildActionMask = 2147483647;
			files = (
				16B1FCA820105B3300E9CEA1 /* LaunchScreen.storyboard in Resources */,
				1644F4F320107AA4002E61BD /* GoogleService-Info.plist in Resources */,
				16B1FCA520105B3300E9CEA1 /* Assets.xcassets in Resources */,
				16B1FCA320105B3300E9CEA1 /* Main.storyboard in Resources */,
			);
			runOnlyForDeploymentPostprocessing = 0;
		};
/* End PBXResourcesBuildPhase section */

/* Begin PBXShellScriptBuildPhase section */
		01648B2F97FDC650D2E02B75 /* [CP] Copy Pods Resources */ = {
			isa = PBXShellScriptBuildPhase;
			buildActionMask = 2147483647;
			files = (
			);
			inputPaths = (
			);
			name = "[CP] Copy Pods Resources";
			outputPaths = (
			);
			runOnlyForDeploymentPostprocessing = 0;
			shellPath = /bin/sh;
			shellScript = "\"${SRCROOT}/Pods/Target Support Files/Pods-FirebaseAuthentication/Pods-FirebaseAuthentication-resources.sh\"\n";
			showEnvVarsInLog = 0;
		};
		683CE7063CCCB3BECE3F00C1 /* [CP] Embed Pods Frameworks */ = {
			isa = PBXShellScriptBuildPhase;
			buildActionMask = 2147483647;
			files = (
			);
			inputPaths = (
			);
			name = "[CP] Embed Pods Frameworks";
			outputPaths = (
			);
			runOnlyForDeploymentPostprocessing = 0;
			shellPath = /bin/sh;
			shellScript = "\"${SRCROOT}/Pods/Target Support Files/Pods-FirebaseAuthentication/Pods-FirebaseAuthentication-frameworks.sh\"\n";
			showEnvVarsInLog = 0;
		};
		BD52730C1C4D0D846D535A20 /* [CP] Check Pods Manifest.lock */ = {
			isa = PBXShellScriptBuildPhase;
			buildActionMask = 2147483647;
			files = (
			);
			inputPaths = (
			);
			name = "[CP] Check Pods Manifest.lock";
			outputPaths = (
			);
			runOnlyForDeploymentPostprocessing = 0;
			shellPath = /bin/sh;
			shellScript = "diff \"${PODS_ROOT}/../Podfile.lock\" \"${PODS_ROOT}/Manifest.lock\" > /dev/null\nif [ $? != 0 ] ; then\n    # print error to STDERR\n    echo \"error: The sandbox is not in sync with the Podfile.lock. Run 'pod install' or update your CocoaPods installation.\" >&2\n    exit 1\nfi\n";
			showEnvVarsInLog = 0;
		};
/* End PBXShellScriptBuildPhase section */

/* Begin PBXSourcesBuildPhase section */
		16B1FC9620105B3300E9CEA1 /* Sources */ = {
			isa = PBXSourcesBuildPhase;
			buildActionMask = 2147483647;
			files = (
				16B1FCA020105B3300E9CEA1 /* ViewController.swift in Sources */,
				16B1FC9E20105B3300E9CEA1 /* AppDelegate.swift in Sources */,
			);
			runOnlyForDeploymentPostprocessing = 0;
		};
/* End PBXSourcesBuildPhase section */

/* Begin PBXVariantGroup section */
		16B1FCA120105B3300E9CEA1 /* Main.storyboard */ = {
			isa = PBXVariantGroup;
			children = (
				16B1FCA220105B3300E9CEA1 /* Base */,
			);
			name = Main.storyboard;
			sourceTree = "<group>";
		};
		16B1FCA620105B3300E9CEA1 /* LaunchScreen.storyboard */ = {
			isa = PBXVariantGroup;
			children = (
				16B1FCA720105B3300E9CEA1 /* Base */,
			);
			name = LaunchScreen.storyboard;
			sourceTree = "<group>";
		};
/* End PBXVariantGroup section */

/* Begin XCBuildConfiguration section */
		16B1FCAA20105B3300E9CEA1 /* Debug */ = {
			isa = XCBuildConfiguration;
			buildSettings = {
				ALWAYS_SEARCH_USER_PATHS = NO;
				CLANG_ANALYZER_NONNULL = YES;
				CLANG_ANALYZER_NUMBER_OBJECT_CONVERSION = YES_AGGRESSIVE;
				CLANG_CXX_LANGUAGE_STANDARD = "gnu++14";
				CLANG_CXX_LIBRARY = "libc++";
				CLANG_ENABLE_MODULES = YES;
				CLANG_ENABLE_OBJC_ARC = YES;
				CLANG_WARN_BLOCK_CAPTURE_AUTORELEASING = YES;
				CLANG_WARN_BOOL_CONVERSION = YES;
				CLANG_WARN_COMMA = YES;
				CLANG_WARN_CONSTANT_CONVERSION = YES;
				CLANG_WARN_DIRECT_OBJC_ISA_USAGE = YES_ERROR;
				CLANG_WARN_DOCUMENTATION_COMMENTS = YES;
				CLANG_WARN_EMPTY_BODY = YES;
				CLANG_WARN_ENUM_CONVERSION = YES;
				CLANG_WARN_INFINITE_RECURSION = YES;
				CLANG_WARN_INT_CONVERSION = YES;
				CLANG_WARN_NON_LITERAL_NULL_CONVERSION = YES;
				CLANG_WARN_OBJC_LITERAL_CONVERSION = YES;
				CLANG_WARN_OBJC_ROOT_CLASS = YES_ERROR;
				CLANG_WARN_RANGE_LOOP_ANALYSIS = YES;
				CLANG_WARN_STRICT_PROTOTYPES = YES;
				CLANG_WARN_SUSPICIOUS_MOVE = YES;
				CLANG_WARN_UNGUARDED_AVAILABILITY = YES_AGGRESSIVE;
				CLANG_WARN_UNREACHABLE_CODE = YES;
				CLANG_WARN__DUPLICATE_METHOD_MATCH = YES;
				CODE_SIGN_IDENTITY = "iPhone Developer";
				COPY_PHASE_STRIP = NO;
				DEBUG_INFORMATION_FORMAT = dwarf;
				ENABLE_STRICT_OBJC_MSGSEND = YES;
				ENABLE_TESTABILITY = YES;
				GCC_C_LANGUAGE_STANDARD = gnu11;
				GCC_DYNAMIC_NO_PIC = NO;
				GCC_NO_COMMON_BLOCKS = YES;
				GCC_OPTIMIZATION_LEVEL = 0;
				GCC_PREPROCESSOR_DEFINITIONS = (
					"DEBUG=1",
					"$(inherited)",
				);
				GCC_WARN_64_TO_32_BIT_CONVERSION = YES;
				GCC_WARN_ABOUT_RETURN_TYPE = YES_ERROR;
				GCC_WARN_UNDECLARED_SELECTOR = YES;
				GCC_WARN_UNINITIALIZED_AUTOS = YES_AGGRESSIVE;
				GCC_WARN_UNUSED_FUNCTION = YES;
				GCC_WARN_UNUSED_VARIABLE = YES;
				IPHONEOS_DEPLOYMENT_TARGET = 11.2;
				MTL_ENABLE_DEBUG_INFO = YES;
				ONLY_ACTIVE_ARCH = YES;
				SDKROOT = iphoneos;
				SWIFT_ACTIVE_COMPILATION_CONDITIONS = DEBUG;
				SWIFT_OPTIMIZATION_LEVEL = "-Onone";
			};
			name = Debug;
		};
		16B1FCAB20105B3300E9CEA1 /* Release */ = {
			isa = XCBuildConfiguration;
			buildSettings = {
				ALWAYS_SEARCH_USER_PATHS = NO;
				CLANG_ANALYZER_NONNULL = YES;
				CLANG_ANALYZER_NUMBER_OBJECT_CONVERSION = YES_AGGRESSIVE;
				CLANG_CXX_LANGUAGE_STANDARD = "gnu++14";
				CLANG_CXX_LIBRARY = "libc++";
				CLANG_ENABLE_MODULES = YES;
				CLANG_ENABLE_OBJC_ARC = YES;
				CLANG_WARN_BLOCK_CAPTURE_AUTORELEASING = YES;
				CLANG_WARN_BOOL_CONVERSION = YES;
				CLANG_WARN_COMMA = YES;
				CLANG_WARN_CONSTANT_CONVERSION = YES;
				CLANG_WARN_DIRECT_OBJC_ISA_USAGE = YES_ERROR;
				CLANG_WARN_DOCUMENTATION_COMMENTS = YES;
				CLANG_WARN_EMPTY_BODY = YES;
				CLANG_WARN_ENUM_CONVERSION = YES;
				CLANG_WARN_INFINITE_RECURSION = YES;
				CLANG_WARN_INT_CONVERSION = YES;
				CLANG_WARN_NON_LITERAL_NULL_CONVERSION = YES;
				CLANG_WARN_OBJC_LITERAL_CONVERSION = YES;
				CLANG_WARN_OBJC_ROOT_CLASS = YES_ERROR;
				CLANG_WARN_RANGE_LOOP_ANALYSIS = YES;
				CLANG_WARN_STRICT_PROTOTYPES = YES;
				CLANG_WARN_SUSPICIOUS_MOVE = YES;
				CLANG_WARN_UNGUARDED_AVAILABILITY = YES_AGGRESSIVE;
				CLANG_WARN_UNREACHABLE_CODE = YES;
				CLANG_WARN__DUPLICATE_METHOD_MATCH = YES;
				CODE_SIGN_IDENTITY = "iPhone Developer";
				COPY_PHASE_STRIP = NO;
				DEBUG_INFORMATION_FORMAT = "dwarf-with-dsym";
				ENABLE_NS_ASSERTIONS = NO;
				ENABLE_STRICT_OBJC_MSGSEND = YES;
				GCC_C_LANGUAGE_STANDARD = gnu11;
				GCC_NO_COMMON_BLOCKS = YES;
				GCC_WARN_64_TO_32_BIT_CONVERSION = YES;
				GCC_WARN_ABOUT_RETURN_TYPE = YES_ERROR;
				GCC_WARN_UNDECLARED_SELECTOR = YES;
				GCC_WARN_UNINITIALIZED_AUTOS = YES_AGGRESSIVE;
				GCC_WARN_UNUSED_FUNCTION = YES;
				GCC_WARN_UNUSED_VARIABLE = YES;
				IPHONEOS_DEPLOYMENT_TARGET = 11.2;
				MTL_ENABLE_DEBUG_INFO = NO;
				SDKROOT = iphoneos;
				SWIFT_OPTIMIZATION_LEVEL = "-Owholemodule";
				VALIDATE_PRODUCT = YES;
			};
			name = Release;
		};
		16B1FCAD20105B3300E9CEA1 /* Debug */ = {
			isa = XCBuildConfiguration;
			baseConfigurationReference = 19C56A659CFD2BC9FFA437AF /* Pods-FirebaseAuthentication.debug.xcconfig */;
			buildSettings = {
				ASSETCATALOG_COMPILER_APPICON_NAME = AppIcon;
				CODE_SIGN_ENTITLEMENTS = FirebaseAuthentication/FirebaseAuthentication.entitlements;
				CODE_SIGN_STYLE = Automatic;
				DEVELOPMENT_TEAM = 3DV85RL7V3;
				INFOPLIST_FILE = FirebaseAuthentication/Info.plist;
				LD_RUNPATH_SEARCH_PATHS = "$(inherited) @executable_path/Frameworks";
				PRODUCT_BUNDLE_IDENTIFIER = com.cci.FirebaseAuthentication;
				PRODUCT_NAME = "$(TARGET_NAME)";
				SWIFT_VERSION = 4.0;
				TARGETED_DEVICE_FAMILY = "1,2";
			};
			name = Debug;
		};
		16B1FCAE20105B3300E9CEA1 /* Release */ = {
			isa = XCBuildConfiguration;
			baseConfigurationReference = 80FA89DCA683D121E73E109E /* Pods-FirebaseAuthentication.release.xcconfig */;
			buildSettings = {
				ASSETCATALOG_COMPILER_APPICON_NAME = AppIcon;
				CODE_SIGN_ENTITLEMENTS = FirebaseAuthentication/FirebaseAuthentication.entitlements;
				CODE_SIGN_STYLE = Automatic;
				DEVELOPMENT_TEAM = 3DV85RL7V3;
				INFOPLIST_FILE = FirebaseAuthentication/Info.plist;
				LD_RUNPATH_SEARCH_PATHS = "$(inherited) @executable_path/Frameworks";
				PRODUCT_BUNDLE_IDENTIFIER = com.cci.FirebaseAuthentication;
				PRODUCT_NAME = "$(TARGET_NAME)";
				SWIFT_VERSION = 4.0;
				TARGETED_DEVICE_FAMILY = "1,2";
			};
			name = Release;
		};
/* End XCBuildConfiguration section */

/* Begin XCConfigurationList section */
		16B1FC9520105B3300E9CEA1 /* Build configuration list for PBXProject "FirebaseAuthentication" */ = {
			isa = XCConfigurationList;
			buildConfigurations = (
				16B1FCAA20105B3300E9CEA1 /* Debug */,
				16B1FCAB20105B3300E9CEA1 /* Release */,
			);
			defaultConfigurationIsVisible = 0;
			defaultConfigurationName = Release;
		};
		16B1FCAC20105B3300E9CEA1 /* Build configuration list for PBXNativeTarget "FirebaseAuthentication" */ = {
			isa = XCConfigurationList;
			buildConfigurations = (
				16B1FCAD20105B3300E9CEA1 /* Debug */,
				16B1FCAE20105B3300E9CEA1 /* Release */,
			);
			defaultConfigurationIsVisible = 0;
			defaultConfigurationName = Release;
		};
/* End XCConfigurationList section */
	};
	rootObject = 16B1FC9220105B3300E9CEA1 /* Project object */;
}
